
Microsoft Visual Studio Solution File, Format Version 12.00
# Visual Studio Version 17
VisualStudioVersion = 17.5.002.0
MinimumVisualStudioVersion = 10.0.40219.1
Project("{9A19103F-16F7-4668-BE54-9A1E7A4F7556}") = "Аттестация", "Аттестация.csproj", "{CAD63277-9E7C-4A5B-B3E9-41AF55320AE7}"
EndProject
Global
	GlobalSection(SolutionConfigurationPlatforms) = preSolution
		Debug|Any CPU = Debug|Any CPU
		Release|Any CPU = Release|Any CPU
	EndGlobalSection
	GlobalSection(ProjectConfigurationPlatforms) = postSolution
		{CAD63277-9E7C-4A5B-B3E9-41AF55320AE7}.Debug|Any CPU.ActiveCfg = Debug|Any CPU
		{CAD63277-9E7C-4A5B-B3E9-41AF55320AE7}.Debug|Any CPU.Build.0 = Debug|Any CPU
		{CAD63277-9E7C-4A5B-B3E9-41AF55320AE7}.Release|Any CPU.ActiveCfg = Release|Any CPU
		{CAD63277-9E7C-4A5B-B3E9-41AF55320AE7}.Release|Any CPU.Build.0 = Release|Any CPU
	EndGlobalSection
	GlobalSection(SolutionProperties) = preSolution
		HideSolutionNode = FALSE
	EndGlobalSection
	GlobalSection(ExtensibilityGlobals) = postSolution
		SolutionGuid = {10CC9AD0-5D55-4E79-90AD-FF1262BA2850}
	EndGlobalSection
EndGlobal
